
Microsoft Visual Studio Solution File, Format Version 12.00
# Visual Studio 14
VisualStudioVersion = 14.0.25420.1
MinimumVisualStudioVersion = 10.0.40219.1
Project("{FAE04EC0-301F-11D3-BF4B-00C04F79EFBC}") = "MVC4 OIDC", "MVC4 OIDC\MVC4 OIDC.csproj", "{729053AD-C724-43B4-B3B6-D3B54827166F}"
EndProject
Project("{FAE04EC0-301F-11D3-BF4B-00C04F79EFBC}") = "Microsoft.Owin.Security.Norton", "Microsoft.Owin.Security.Norton\Microsoft.Owin.Security.Norton.csproj", "{E772E59F-9E2A-4C52-8317-F01C032DBF5E}"
EndProject
Global
	GlobalSection(SolutionConfigurationPlatforms) = preSolution
		Debug|Any CPU = Debug|Any CPU
		Release|Any CPU = Release|Any CPU
	EndGlobalSection
	GlobalSection(ProjectConfigurationPlatforms) = postSolution
		{729053AD-C724-43B4-B3B6-D3B54827166F}.Debug|Any CPU.ActiveCfg = Debug|Any CPU
		{729053AD-C724-43B4-B3B6-D3B54827166F}.Debug|Any CPU.Build.0 = Debug|Any CPU
		{729053AD-C724-43B4-B3B6-D3B54827166F}.Release|Any CPU.ActiveCfg = Release|Any CPU
		{729053AD-C724-43B4-B3B6-D3B54827166F}.Release|Any CPU.Build.0 = Release|Any CPU
		{E772E59F-9E2A-4C52-8317-F01C032DBF5E}.Debug|Any CPU.ActiveCfg = Debug|Any CPU
		{E772E59F-9E2A-4C52-8317-F01C032DBF5E}.Debug|Any CPU.Build.0 = Debug|Any CPU
		{E772E59F-9E2A-4C52-8317-F01C032DBF5E}.Release|Any CPU.ActiveCfg = Release|Any CPU
		{E772E59F-9E2A-4C52-8317-F01C032DBF5E}.Release|Any CPU.Build.0 = Release|Any CPU
	EndGlobalSection
	GlobalSection(SolutionProperties) = preSolution
		HideSolutionNode = FALSE
	EndGlobalSection
EndGlobal
